
Microsoft Visual Studio Solution File, Format Version 12.00
# Visual Studio Version 17
VisualStudioVersion = 17.2.32630.192
MinimumVisualStudioVersion = 10.0.40219.1
Project("{9A19103F-16F7-4668-BE54-9A1E7A4F7556}") = "PTP", "PTP\PTP.csproj", "{CB76ECA3-4617-42A7-91BD-F32BDF7A62C0}"
EndProject
Project("{9A19103F-16F7-4668-BE54-9A1E7A4F7556}") = "PTP.Core", "PTP.Core\PTP.Core.csproj", "{08B30744-9566-49D5-9E2B-183C92A679C6}"
EndProject
Project("{9A19103F-16F7-4668-BE54-9A1E7A4F7556}") = "PTP.Infrastructure", "PTP.Infrastructure\PTP.Infrastructure.csproj", "{9989F134-7809-41A0-94FE-D5596779DCB6}"
EndProject
Project("{9A19103F-16F7-4668-BE54-9A1E7A4F7556}") = "PTP.Data.SQL", "PTP.Data.SQL\PTP.Data.SQL.csproj", "{9569D66D-4A27-4AA1-9690-84A04C4D7CDB}"
EndProject
Project("{2150E333-8FDC-42A3-9474-1A3956D46DE8}") = "Security", "Security", "{10372A5A-01B0-4B93-971A-7CD694F9476D}"
EndProject
Project("{9A19103F-16F7-4668-BE54-9A1E7A4F7556}") = "Security", "Security\Security.csproj", "{B893C5E2-79DB-4AA0-99C1-2B14D2992229}"
EndProject
Project("{9A19103F-16F7-4668-BE54-9A1E7A4F7556}") = "Security.Core", "Security.Core\Security.Core.csproj", "{BEC12C58-0FC7-402B-91CA-6449DE37D74A}"
EndProject
Project("{9A19103F-16F7-4668-BE54-9A1E7A4F7556}") = "Security.percestance", "Security.percestance\Security.percestance.csproj", "{6000AEBF-3D88-4278-8EEB-5C44989ACD75}"
EndProject
Project("{9A19103F-16F7-4668-BE54-9A1E7A4F7556}") = "Security.Application", "Security.Application\Security.Application.csproj", "{206B18CB-F74C-4E06-AD17-4E5C031EA52B}"
EndProject
Project("{2150E333-8FDC-42A3-9474-1A3956D46DE8}") = "Proxies", "Proxies", "{CBEF5906-2828-4453-8C39-76327FE107BF}"
EndProject
Project("{9A19103F-16F7-4668-BE54-9A1E7A4F7556}") = "PTP.Proxies", "PTP.Proxies\PTP.Proxies.csproj", "{2BBFB4BB-CB55-4DB6-804F-C61E67391241}"
EndProject
Project("{2150E333-8FDC-42A3-9474-1A3956D46DE8}") = "Messaging", "Messaging", "{3ACE84D4-A601-4BAA-BF17-1DE2BE840823}"
EndProject
Project("{2150E333-8FDC-42A3-9474-1A3956D46DE8}") = "queing", "queing", "{05580333-470B-4F91-B5CB-8216E2E80101}"
EndProject
Project("{9A19103F-16F7-4668-BE54-9A1E7A4F7556}") = "PTP.Queuing.RabbitMqService", "PTP.Queuing.RabbitMqService\PTP.Queuing.RabbitMqService.csproj", "{568AEAC2-B81D-46FF-9FB6-86AFC793E34C}"
EndProject
Project("{2150E333-8FDC-42A3-9474-1A3956D46DE8}") = "RabitMqConsumerService", "RabitMqConsumerService", "{FB15549A-D7B3-4B73-B35E-FD4969A33EF9}"
EndProject
Project("{9A19103F-16F7-4668-BE54-9A1E7A4F7556}") = "PTP.RabbitMqServices", "PTP.RabbitMqServices\PTP.RabbitMqServices.csproj", "{0B0757BD-CB3D-418E-853F-7B83D708526D}"
EndProject
Project("{2150E333-8FDC-42A3-9474-1A3956D46DE8}") = "DistributedCash", "DistributedCash", "{FB991FDD-E476-4E62-9FEE-B1C7F47096A3}"
EndProject
Project("{FAE04EC0-301F-11D3-BF4B-00C04F79EFBC}") = "PTP.DistributedCash", "PTP.DistributedCash\PTP.DistributedCash.csproj", "{28C8840D-F32B-46B1-82D3-E2598E3DC7F0}"
EndProject
Global
	GlobalSection(SolutionConfigurationPlatforms) = preSolution
		Debug|Any CPU = Debug|Any CPU
		Release|Any CPU = Release|Any CPU
	EndGlobalSection
	GlobalSection(ProjectConfigurationPlatforms) = postSolution
		{CB76ECA3-4617-42A7-91BD-F32BDF7A62C0}.Debug|Any CPU.ActiveCfg = Debug|Any CPU
		{CB76ECA3-4617-42A7-91BD-F32BDF7A62C0}.Debug|Any CPU.Build.0 = Debug|Any CPU
		{CB76ECA3-4617-42A7-91BD-F32BDF7A62C0}.Release|Any CPU.ActiveCfg = Release|Any CPU
		{CB76ECA3-4617-42A7-91BD-F32BDF7A62C0}.Release|Any CPU.Build.0 = Release|Any CPU
		{08B30744-9566-49D5-9E2B-183C92A679C6}.Debug|Any CPU.ActiveCfg = Debug|Any CPU
		{08B30744-9566-49D5-9E2B-183C92A679C6}.Debug|Any CPU.Build.0 = Debug|Any CPU
		{08B30744-9566-49D5-9E2B-183C92A679C6}.Release|Any CPU.ActiveCfg = Release|Any CPU
		{08B30744-9566-49D5-9E2B-183C92A679C6}.Release|Any CPU.Build.0 = Release|Any CPU
		{9989F134-7809-41A0-94FE-D5596779DCB6}.Debug|Any CPU.ActiveCfg = Debug|Any CPU
		{9989F134-7809-41A0-94FE-D5596779DCB6}.Debug|Any CPU.Build.0 = Debug|Any CPU
		{9989F134-7809-41A0-94FE-D5596779DCB6}.Release|Any CPU.ActiveCfg = Release|Any CPU
		{9989F134-7809-41A0-94FE-D5596779DCB6}.Release|Any CPU.Build.0 = Release|Any CPU
		{9569D66D-4A27-4AA1-9690-84A04C4D7CDB}.Debug|Any CPU.ActiveCfg = Debug|Any CPU
		{9569D66D-4A27-4AA1-9690-84A04C4D7CDB}.Debug|Any CPU.Build.0 = Debug|Any CPU
		{9569D66D-4A27-4AA1-9690-84A04C4D7CDB}.Release|Any CPU.ActiveCfg = Release|Any CPU
		{9569D66D-4A27-4AA1-9690-84A04C4D7CDB}.Release|Any CPU.Build.0 = Release|Any CPU
		{B893C5E2-79DB-4AA0-99C1-2B14D2992229}.Debug|Any CPU.ActiveCfg = Debug|Any CPU
		{B893C5E2-79DB-4AA0-99C1-2B14D2992229}.Debug|Any CPU.Build.0 = Debug|Any CPU
		{B893C5E2-79DB-4AA0-99C1-2B14D2992229}.Release|Any CPU.ActiveCfg = Release|Any CPU
		{B893C5E2-79DB-4AA0-99C1-2B14D2992229}.Release|Any CPU.Build.0 = Release|Any CPU
		{BEC12C58-0FC7-402B-91CA-6449DE37D74A}.Debug|Any CPU.ActiveCfg = Debug|Any CPU
		{BEC12C58-0FC7-402B-91CA-6449DE37D74A}.Debug|Any CPU.Build.0 = Debug|Any CPU
		{BEC12C58-0FC7-402B-91CA-6449DE37D74A}.Release|Any CPU.ActiveCfg = Release|Any CPU
		{BEC12C58-0FC7-402B-91CA-6449DE37D74A}.Release|Any CPU.Build.0 = Release|Any CPU
		{6000AEBF-3D88-4278-8EEB-5C44989ACD75}.Debug|Any CPU.ActiveCfg = Debug|Any CPU
		{6000AEBF-3D88-4278-8EEB-5C44989ACD75}.Debug|Any CPU.Build.0 = Debug|Any CPU
		{6000AEBF-3D88-4278-8EEB-5C44989ACD75}.Release|Any CPU.ActiveCfg = Release|Any CPU
		{6000AEBF-3D88-4278-8EEB-5C44989ACD75}.Release|Any CPU.Build.0 = Release|Any CPU
		{206B18CB-F74C-4E06-AD17-4E5C031EA52B}.Debug|Any CPU.ActiveCfg = Debug|Any CPU
		{206B18CB-F74C-4E06-AD17-4E5C031EA52B}.Debug|Any CPU.Build.0 = Debug|Any CPU
		{206B18CB-F74C-4E06-AD17-4E5C031EA52B}.Release|Any CPU.ActiveCfg = Release|Any CPU
		{206B18CB-F74C-4E06-AD17-4E5C031EA52B}.Release|Any CPU.Build.0 = Release|Any CPU
		{2BBFB4BB-CB55-4DB6-804F-C61E67391241}.Debug|Any CPU.ActiveCfg = Debug|Any CPU
		{2BBFB4BB-CB55-4DB6-804F-C61E67391241}.Debug|Any CPU.Build.0 = Debug|Any CPU
		{2BBFB4BB-CB55-4DB6-804F-C61E67391241}.Release|Any CPU.ActiveCfg = Release|Any CPU
		{2BBFB4BB-CB55-4DB6-804F-C61E67391241}.Release|Any CPU.Build.0 = Release|Any CPU
		{568AEAC2-B81D-46FF-9FB6-86AFC793E34C}.Debug|Any CPU.ActiveCfg = Debug|Any CPU
		{568AEAC2-B81D-46FF-9FB6-86AFC793E34C}.Debug|Any CPU.Build.0 = Debug|Any CPU
		{568AEAC2-B81D-46FF-9FB6-86AFC793E34C}.Release|Any CPU.ActiveCfg = Release|Any CPU
		{568AEAC2-B81D-46FF-9FB6-86AFC793E34C}.Release|Any CPU.Build.0 = Release|Any CPU
		{0B0757BD-CB3D-418E-853F-7B83D708526D}.Debug|Any CPU.ActiveCfg = Debug|Any CPU
		{0B0757BD-CB3D-418E-853F-7B83D708526D}.Debug|Any CPU.Build.0 = Debug|Any CPU
		{0B0757BD-CB3D-418E-853F-7B83D708526D}.Release|Any CPU.ActiveCfg = Release|Any CPU
		{0B0757BD-CB3D-418E-853F-7B83D708526D}.Release|Any CPU.Build.0 = Release|Any CPU
		{28C8840D-F32B-46B1-82D3-E2598E3DC7F0}.Debug|Any CPU.ActiveCfg = Debug|Any CPU
		{28C8840D-F32B-46B1-82D3-E2598E3DC7F0}.Debug|Any CPU.Build.0 = Debug|Any CPU
		{28C8840D-F32B-46B1-82D3-E2598E3DC7F0}.Release|Any CPU.ActiveCfg = Release|Any CPU
		{28C8840D-F32B-46B1-82D3-E2598E3DC7F0}.Release|Any CPU.Build.0 = Release|Any CPU
	EndGlobalSection
	GlobalSection(SolutionProperties) = preSolution
		HideSolutionNode = FALSE
	EndGlobalSection
	GlobalSection(NestedProjects) = preSolution
		{B893C5E2-79DB-4AA0-99C1-2B14D2992229} = {10372A5A-01B0-4B93-971A-7CD694F9476D}
		{BEC12C58-0FC7-402B-91CA-6449DE37D74A} = {10372A5A-01B0-4B93-971A-7CD694F9476D}
		{6000AEBF-3D88-4278-8EEB-5C44989ACD75} = {10372A5A-01B0-4B93-971A-7CD694F9476D}
		{206B18CB-F74C-4E06-AD17-4E5C031EA52B} = {10372A5A-01B0-4B93-971A-7CD694F9476D}
		{2BBFB4BB-CB55-4DB6-804F-C61E67391241} = {CBEF5906-2828-4453-8C39-76327FE107BF}
		{05580333-470B-4F91-B5CB-8216E2E80101} = {3ACE84D4-A601-4BAA-BF17-1DE2BE840823}
		{568AEAC2-B81D-46FF-9FB6-86AFC793E34C} = {05580333-470B-4F91-B5CB-8216E2E80101}
		{FB15549A-D7B3-4B73-B35E-FD4969A33EF9} = {3ACE84D4-A601-4BAA-BF17-1DE2BE840823}
		{0B0757BD-CB3D-418E-853F-7B83D708526D} = {FB15549A-D7B3-4B73-B35E-FD4969A33EF9}
		{28C8840D-F32B-46B1-82D3-E2598E3DC7F0} = {FB991FDD-E476-4E62-9FEE-B1C7F47096A3}
	EndGlobalSection
	GlobalSection(ExtensibilityGlobals) = postSolution
		SolutionGuid = {0D3E57D4-8159-4837-9E84-370E6D2EA14A}
	EndGlobalSection
EndGlobal
